{
  "requires": true,
  "lockfileVersion": 1,
  "dependencies": {
    "blogger_logger": {
      "version": "1.0.0",
      "resolved": "https://registry.npmjs.org/blogger_logger/-/blogger_logger-1.0.0.tgz",
      "integrity": "sha512-bmjiERHDiiYd15OpUvnD9fRh26TI8UPw0Kmab6jmVSVPZb4mBedqgjeTdBtjvcbvoPzrTsNRyyWJ8TpbNzWF2w=="
    }
  }
}
